// !$*UTF8*$!
{
	archiveVersion = 1;
	classes = {
	};
	objectVersion = 56;
	objects = {

/* Begin PBXBuildFile section */
		1C0EA82F2A38AF1300E06092 /* AppDelegate.swift in Sources */ = {isa = PBXBuildFile; fileRef = 1C0EA82E2A38AF1300E06092 /* AppDelegate.swift */; };
		1C0EA8312A38AF1300E06092 /* SceneDelegate.swift in Sources */ = {isa = PBXBuildFile; fileRef = 1C0EA8302A38AF1300E06092 /* SceneDelegate.swift */; };
		1C0EA8332A38AF1300E06092 /* LoginViewController.swift in Sources */ = {isa = PBXBuildFile; fileRef = 1C0EA8322A38AF1300E06092 /* LoginViewController.swift */; };
		1C0EA8382A38AF1400E06092 /* Assets.xcassets in Resources */ = {isa = PBXBuildFile; fileRef = 1C0EA8372A38AF1400E06092 /* Assets.xcassets */; };
		1C0EA83B2A38AF1400E06092 /* LaunchScreen.storyboard in Resources */ = {isa = PBXBuildFile; fileRef = 1C0EA8392A38AF1400E06092 /* LaunchScreen.storyboard */; };
		1C0EA8472A38AFB500E06092 /* SnapKit in Frameworks */ = {isa = PBXBuildFile; productRef = 1C0EA8462A38AFB500E06092 /* SnapKit */; };
		1C0EA8492A38AFCD00E06092 /* LoginView.swift in Sources */ = {isa = PBXBuildFile; fileRef = 1C0EA8482A38AFCD00E06092 /* LoginView.swift */; };
		1C0EA85B2A38B3EC00E06092 /* Nunito-ExtraBold.ttf in Resources */ = {isa = PBXBuildFile; fileRef = 1C0EA84B2A38B3EC00E06092 /* Nunito-ExtraBold.ttf */; };
		1C0EA85C2A38B3EC00E06092 /* Nunito-Medium.ttf in Resources */ = {isa = PBXBuildFile; fileRef = 1C0EA84C2A38B3EC00E06092 /* Nunito-Medium.ttf */; };
		1C0EA85D2A38B3EC00E06092 /* Nunito-SemiBoldItalic.ttf in Resources */ = {isa = PBXBuildFile; fileRef = 1C0EA84D2A38B3EC00E06092 /* Nunito-SemiBoldItalic.ttf */; };
		1C0EA85E2A38B3EC00E06092 /* Nunito-Light.ttf in Resources */ = {isa = PBXBuildFile; fileRef = 1C0EA84E2A38B3EC00E06092 /* Nunito-Light.ttf */; };
		1C0EA85F2A38B3EC00E06092 /* Nunito-LightItalic.ttf in Resources */ = {isa = PBXBuildFile; fileRef = 1C0EA84F2A38B3EC00E06092 /* Nunito-LightItalic.ttf */; };
		1C0EA8602A38B3EC00E06092 /* Nunito-ExtraLightItalic.ttf in Resources */ = {isa = PBXBuildFile; fileRef = 1C0EA8502A38B3EC00E06092 /* Nunito-ExtraLightItalic.ttf */; };
		1C0EA8612A38B3EC00E06092 /* Nunito-MediumItalic.ttf in Resources */ = {isa = PBXBuildFile; fileRef = 1C0EA8512A38B3EC00E06092 /* Nunito-MediumItalic.ttf */; };
		1C0EA8622A38B3EC00E06092 /* Nunito-ExtraBoldItalic.ttf in Resources */ = {isa = PBXBuildFile; fileRef = 1C0EA8522A38B3EC00E06092 /* Nunito-ExtraBoldItalic.ttf */; };
		1C0EA8632A38B3EC00E06092 /* Nunito-BlackItalic.ttf in Resources */ = {isa = PBXBuildFile; fileRef = 1C0EA8532A38B3EC00E06092 /* Nunito-BlackItalic.ttf */; };
		1C0EA8642A38B3EC00E06092 /* Nunito-BoldItalic.ttf in Resources */ = {isa = PBXBuildFile; fileRef = 1C0EA8542A38B3EC00E06092 /* Nunito-BoldItalic.ttf */; };
		1C0EA8652A38B3EC00E06092 /* Nunito-Italic.ttf in Resources */ = {isa = PBXBuildFile; fileRef = 1C0EA8552A38B3EC00E06092 /* Nunito-Italic.ttf */; };
		1C0EA8662A38B3EC00E06092 /* Nunito-Black.ttf in Resources */ = {isa = PBXBuildFile; fileRef = 1C0EA8562A38B3EC00E06092 /* Nunito-Black.ttf */; };
		1C0EA8672A38B3EC00E06092 /* Nunito-Bold.ttf in Resources */ = {isa = PBXBuildFile; fileRef = 1C0EA8572A38B3EC00E06092 /* Nunito-Bold.ttf */; };
		1C0EA8682A38B3EC00E06092 /* Nunito-ExtraLight.ttf in Resources */ = {isa = PBXBuildFile; fileRef = 1C0EA8582A38B3EC00E06092 /* Nunito-ExtraLight.ttf */; };
		1C0EA8692A38B3EC00E06092 /* Nunito-SemiBold.ttf in Resources */ = {isa = PBXBuildFile; fileRef = 1C0EA8592A38B3EC00E06092 /* Nunito-SemiBold.ttf */; };
		1C0EA86A2A38B3EC00E06092 /* Nunito-Regular.ttf in Resources */ = {isa = PBXBuildFile; fileRef = 1C0EA85A2A38B3EC00E06092 /* Nunito-Regular.ttf */; };
		1C0EA86D2A38C96200E06092 /* AnimatedTextField.swift in Sources */ = {isa = PBXBuildFile; fileRef = 1C0EA86C2A38C96200E06092 /* AnimatedTextField.swift */; };
		1C0EA8A82A38D6B000E06092 /* GothamProNarrow-Bold.ttf in Resources */ = {isa = PBXBuildFile; fileRef = 1C0EA89C2A38D6B000E06092 /* GothamProNarrow-Bold.ttf */; };
		1C0EA8A92A38D6B000E06092 /* GothamPro-Medium.ttf in Resources */ = {isa = PBXBuildFile; fileRef = 1C0EA89D2A38D6B000E06092 /* GothamPro-Medium.ttf */; };
		1C0EA8AA2A38D6B000E06092 /* GothamPro-LightItalic.ttf in Resources */ = {isa = PBXBuildFile; fileRef = 1C0EA89E2A38D6B000E06092 /* GothamPro-LightItalic.ttf */; };
		1C0EA8AB2A38D6B000E06092 /* GothamPro-Light.ttf in Resources */ = {isa = PBXBuildFile; fileRef = 1C0EA89F2A38D6B000E06092 /* GothamPro-Light.ttf */; };
		1C0EA8AC2A38D6B000E06092 /* GothamProNarrow-Medium.ttf in Resources */ = {isa = PBXBuildFile; fileRef = 1C0EA8A02A38D6B000E06092 /* GothamProNarrow-Medium.ttf */; };
		1C0EA8AD2A38D6B000E06092 /* GothamPro-Bold.ttf in Resources */ = {isa = PBXBuildFile; fileRef = 1C0EA8A12A38D6B000E06092 /* GothamPro-Bold.ttf */; };
		1C0EA8AE2A38D6B000E06092 /* GothamPro-Black.ttf in Resources */ = {isa = PBXBuildFile; fileRef = 1C0EA8A22A38D6B000E06092 /* GothamPro-Black.ttf */; };
		1C0EA8AF2A38D6B000E06092 /* GothamPro-BoldItalic.ttf in Resources */ = {isa = PBXBuildFile; fileRef = 1C0EA8A32A38D6B000E06092 /* GothamPro-BoldItalic.ttf */; };
		1C0EA8B02A38D6B000E06092 /* GothamPro-MediumItalic.ttf in Resources */ = {isa = PBXBuildFile; fileRef = 1C0EA8A42A38D6B000E06092 /* GothamPro-MediumItalic.ttf */; };
		1C0EA8B12A38D6B000E06092 /* GothamPro-Italic.ttf in Resources */ = {isa = PBXBuildFile; fileRef = 1C0EA8A52A38D6B000E06092 /* GothamPro-Italic.ttf */; };
		1C0EA8B22A38D6B000E06092 /* GothamPro-BlackItalic.ttf in Resources */ = {isa = PBXBuildFile; fileRef = 1C0EA8A62A38D6B000E06092 /* GothamPro-BlackItalic.ttf */; };
		1C0EA8B32A38D6B000E06092 /* GothamPro.ttf in Resources */ = {isa = PBXBuildFile; fileRef = 1C0EA8A72A38D6B000E06092 /* GothamPro.ttf */; };
		1C0EA8B62A3AFD9400E06092 /* RegistrationViewController.swift in Sources */ = {isa = PBXBuildFile; fileRef = 1C0EA8B52A3AFD9400E06092 /* RegistrationViewController.swift */; };
		1C0EA8B82A3AFDAF00E06092 /* RegistrationView.swift in Sources */ = {isa = PBXBuildFile; fileRef = 1C0EA8B72A3AFDAF00E06092 /* RegistrationView.swift */; };
		1C0EA8BB2A3B064600E06092 /* PasswordViewController.swift in Sources */ = {isa = PBXBuildFile; fileRef = 1C0EA8BA2A3B064600E06092 /* PasswordViewController.swift */; };
		1C0EA8BD2A3B064E00E06092 /* PasswordView.swift in Sources */ = {isa = PBXBuildFile; fileRef = 1C0EA8BC2A3B064E00E06092 /* PasswordView.swift */; };
		1C315D472A4438BF000A41F7 /* PasswordViewModel.swift in Sources */ = {isa = PBXBuildFile; fileRef = 1C315D462A4438BF000A41F7 /* PasswordViewModel.swift */; };
		1C315D492A444BB2000A41F7 /* NumberTextField.swift in Sources */ = {isa = PBXBuildFile; fileRef = 1C315D482A444BB2000A41F7 /* NumberTextField.swift */; };
		1C315D4F2A45A94C000A41F7 /* AuthManager.swift in Sources */ = {isa = PBXBuildFile; fileRef = 1C315D4E2A45A94C000A41F7 /* AuthManager.swift */; };
		1C315D522A45AB47000A41F7 /* Alamofire in Frameworks */ = {isa = PBXBuildFile; productRef = 1C315D512A45AB47000A41F7 /* Alamofire */; };
		1C315D552A45B802000A41F7 /* NumberViewModel.swift in Sources */ = {isa = PBXBuildFile; fileRef = 1C315D542A45B802000A41F7 /* NumberViewModel.swift */; };
		1C315D582A46D4B5000A41F7 /* GetUserData.swift in Sources */ = {isa = PBXBuildFile; fileRef = 1C315D572A46D4B5000A41F7 /* GetUserData.swift */; };
		1C315D5A2A46E53B000A41F7 /* SFProText-Medium.ttf in Resources */ = {isa = PBXBuildFile; fileRef = 1C315D592A46E53B000A41F7 /* SFProText-Medium.ttf */; };
		1C315D5F2A483710000A41F7 /* Data+Extensions.swift in Sources */ = {isa = PBXBuildFile; fileRef = 1C315D5E2A483710000A41F7 /* Data+Extensions.swift */; };
		1C315D622A484183000A41F7 /* OTPViewController.swift in Sources */ = {isa = PBXBuildFile; fileRef = 1C315D612A484183000A41F7 /* OTPViewController.swift */; };
		1C315D652A4841B5000A41F7 /* OTPView.swift in Sources */ = {isa = PBXBuildFile; fileRef = 1C315D642A4841B5000A41F7 /* OTPView.swift */; };
		1C315D682A4AD47B000A41F7 /* AlamofireImage in Frameworks */ = {isa = PBXBuildFile; productRef = 1C315D672A4AD47B000A41F7 /* AlamofireImage */; };
		1C315D6B2A4AE4EB000A41F7 /* LikedView.swift in Sources */ = {isa = PBXBuildFile; fileRef = 1C315D6A2A4AE4EB000A41F7 /* LikedView.swift */; };
		1C315D6E2A4AE9D6000A41F7 /* LikedViewController.swift in Sources */ = {isa = PBXBuildFile; fileRef = 1C315D6D2A4AE9D6000A41F7 /* LikedViewController.swift */; };
		1C315D712A4AEC72000A41F7 /* ProductView.swift in Sources */ = {isa = PBXBuildFile; fileRef = 1C315D702A4AEC72000A41F7 /* ProductView.swift */; };
		1C315D732A4AEC8F000A41F7 /* ProductViewController.swift in Sources */ = {isa = PBXBuildFile; fileRef = 1C315D722A4AEC8F000A41F7 /* ProductViewController.swift */; };
		1C315D772A4AEE53000A41F7 /* AddProductViewController.swift in Sources */ = {isa = PBXBuildFile; fileRef = 1C315D762A4AEE53000A41F7 /* AddProductViewController.swift */; };
		1C315D792A4AEE7C000A41F7 /* AddProductView.swift in Sources */ = {isa = PBXBuildFile; fileRef = 1C315D782A4AEE7C000A41F7 /* AddProductView.swift */; };
		1C315D7B2A4C276A000A41F7 /* CustomCell.swift in Sources */ = {isa = PBXBuildFile; fileRef = 1C315D7A2A4C276A000A41F7 /* CustomCell.swift */; };
		1C6650002A3EECBF00A36DF4 /* ProfileViewController.swift in Sources */ = {isa = PBXBuildFile; fileRef = 1C664FFF2A3EECBF00A36DF4 /* ProfileViewController.swift */; };
		1C6650022A3EECC800A36DF4 /* ProfileView.swift in Sources */ = {isa = PBXBuildFile; fileRef = 1C6650012A3EECC800A36DF4 /* ProfileView.swift */; };
		1C6650042A3EF49500A36DF4 /* CustomTabBarController.swift in Sources */ = {isa = PBXBuildFile; fileRef = 1C6650032A3EF49500A36DF4 /* CustomTabBarController.swift */; };
		1C6650062A40446900A36DF4 /* CustomTabBar.swift in Sources */ = {isa = PBXBuildFile; fileRef = 1C6650052A40446900A36DF4 /* CustomTabBar.swift */; };
		1C6650092A405F6700A36DF4 /* SpashViewController.swift in Sources */ = {isa = PBXBuildFile; fileRef = 1C6650082A405F6700A36DF4 /* SpashViewController.swift */; };
		1C66500C2A40643000A36DF4 /* FinishRegViewController.swift in Sources */ = {isa = PBXBuildFile; fileRef = 1C66500B2A40643000A36DF4 /* FinishRegViewController.swift */; };
		1C66500E2A40643A00A36DF4 /* FinishRegView.swift in Sources */ = {isa = PBXBuildFile; fileRef = 1C66500D2A40643A00A36DF4 /* FinishRegView.swift */; };
		1C6650112A419A0700A36DF4 /* NumberViewController.swift in Sources */ = {isa = PBXBuildFile; fileRef = 1C6650102A419A0700A36DF4 /* NumberViewController.swift */; };
		1C6650132A419A4C00A36DF4 /* NumberView.swift in Sources */ = {isa = PBXBuildFile; fileRef = 1C6650122A419A4C00A36DF4 /* NumberView.swift */; };
		1C6C58F02A4C46AD00EC17CE /* String+Extensions.swift in Sources */ = {isa = PBXBuildFile; fileRef = 1C6C58EF2A4C46AD00EC17CE /* String+Extensions.swift */; };
		1C6C58F22A4D6B9600EC17CE /* AddProductViewModel.swift in Sources */ = {isa = PBXBuildFile; fileRef = 1C6C58F12A4D6B9600EC17CE /* AddProductViewModel.swift */; };
		1C6C58F42A4D7AFA00EC17CE /* ProductCellView.swift in Sources */ = {isa = PBXBuildFile; fileRef = 1C6C58F32A4D7AFA00EC17CE /* ProductCellView.swift */; };
		1C9317E12A55534F001C1C4B /* ProductViewModel.swift in Sources */ = {isa = PBXBuildFile; fileRef = 1C9317E02A55534F001C1C4B /* ProductViewModel.swift */; };
		1CAF44DA2A41ACDC00E3EBEA /* Models.swift in Sources */ = {isa = PBXBuildFile; fileRef = 1CAF44D92A41ACDC00E3EBEA /* Models.swift */; };
		1CAF44DD2A41AEC500E3EBEA /* Service.swift in Sources */ = {isa = PBXBuildFile; fileRef = 1CAF44DC2A41AEC500E3EBEA /* Service.swift */; };
		1CAF44E02A41AF7200E3EBEA /* LoginViewModel.swift in Sources */ = {isa = PBXBuildFile; fileRef = 1CAF44DF2A41AF7200E3EBEA /* LoginViewModel.swift */; };
		1CD323312A42FE3F00A3985C /* BorderedTextField.swift in Sources */ = {isa = PBXBuildFile; fileRef = 1CD323302A42FE3F00A3985C /* BorderedTextField.swift */; };
		1CD65F152A641ECD004B0956 /* ChangeProductView.swift in Sources */ = {isa = PBXBuildFile; fileRef = 1CD65F142A641ECD004B0956 /* ChangeProductView.swift */; };
		1CD65F172A641F06004B0956 /* ChangeProductViewController.swift in Sources */ = {isa = PBXBuildFile; fileRef = 1CD65F162A641F06004B0956 /* ChangeProductViewController.swift */; };
		1CD65F192A641F8B004B0956 /* ChangeProductViewModel.swift in Sources */ = {isa = PBXBuildFile; fileRef = 1CD65F182A641F8B004B0956 /* ChangeProductViewModel.swift */; };
		1CEEC0D52A5AA0420000EBAF /* MainView.swift in Sources */ = {isa = PBXBuildFile; fileRef = 1CEEC0D42A5AA0420000EBAF /* MainView.swift */; };
		1CEEC0D72A5AA06C0000EBAF /* MainViewController.swift in Sources */ = {isa = PBXBuildFile; fileRef = 1CEEC0D62A5AA06C0000EBAF /* MainViewController.swift */; };
		1CEEC0D92A6123FE0000EBAF /* PopUp.swift in Sources */ = {isa = PBXBuildFile; fileRef = 1CEEC0D82A6123FE0000EBAF /* PopUp.swift */; };
/* End PBXBuildFile section */

/* Begin PBXFileReference section */
		1C0EA82B2A38AF1300E06092 /* neobis_ios_marketplace.app */ = {isa = PBXFileReference; explicitFileType = wrapper.application; includeInIndex = 0; path = neobis_ios_marketplace.app; sourceTree = BUILT_PRODUCTS_DIR; };
		1C0EA82E2A38AF1300E06092 /* AppDelegate.swift */ = {isa = PBXFileReference; lastKnownFileType = sourcecode.swift; path = AppDelegate.swift; sourceTree = "<group>"; };
		1C0EA8302A38AF1300E06092 /* SceneDelegate.swift */ = {isa = PBXFileReference; lastKnownFileType = sourcecode.swift; path = SceneDelegate.swift; sourceTree = "<group>"; };
		1C0EA8322A38AF1300E06092 /* LoginViewController.swift */ = {isa = PBXFileReference; lastKnownFileType = sourcecode.swift; path = LoginViewController.swift; sourceTree = "<group>"; };
		1C0EA8372A38AF1400E06092 /* Assets.xcassets */ = {isa = PBXFileReference; lastKnownFileType = folder.assetcatalog; path = Assets.xcassets; sourceTree = "<group>"; };
		1C0EA83A2A38AF1400E06092 /* Base */ = {isa = PBXFileReference; lastKnownFileType = file.storyboard; name = Base; path = Base.lproj/LaunchScreen.storyboard; sourceTree = "<group>"; };
		1C0EA83C2A38AF1400E06092 /* Info.plist */ = {isa = PBXFileReference; lastKnownFileType = text.plist.xml; path = Info.plist; sourceTree = "<group>"; };
		1C0EA8482A38AFCD00E06092 /* LoginView.swift */ = {isa = PBXFileReference; lastKnownFileType = sourcecode.swift; path = LoginView.swift; sourceTree = "<group>"; };
		1C0EA84B2A38B3EC00E06092 /* Nunito-ExtraBold.ttf */ = {isa = PBXFileReference; lastKnownFileType = file; path = "Nunito-ExtraBold.ttf"; sourceTree = "<group>"; };
		1C0EA84C2A38B3EC00E06092 /* Nunito-Medium.ttf */ = {isa = PBXFileReference; lastKnownFileType = file; path = "Nunito-Medium.ttf"; sourceTree = "<group>"; };
		1C0EA84D2A38B3EC00E06092 /* Nunito-SemiBoldItalic.ttf */ = {isa = PBXFileReference; lastKnownFileType = file; path = "Nunito-SemiBoldItalic.ttf"; sourceTree = "<group>"; };
		1C0EA84E2A38B3EC00E06092 /* Nunito-Light.ttf */ = {isa = PBXFileReference; lastKnownFileType = file; path = "Nunito-Light.ttf"; sourceTree = "<group>"; };
		1C0EA84F2A38B3EC00E06092 /* Nunito-LightItalic.ttf */ = {isa = PBXFileReference; lastKnownFileType = file; path = "Nunito-LightItalic.ttf"; sourceTree = "<group>"; };
		1C0EA8502A38B3EC00E06092 /* Nunito-ExtraLightItalic.ttf */ = {isa = PBXFileReference; lastKnownFileType = file; path = "Nunito-ExtraLightItalic.ttf"; sourceTree = "<group>"; };
		1C0EA8512A38B3EC00E06092 /* Nunito-MediumItalic.ttf */ = {isa = PBXFileReference; lastKnownFileType = file; path = "Nunito-MediumItalic.ttf"; sourceTree = "<group>"; };
		1C0EA8522A38B3EC00E06092 /* Nunito-ExtraBoldItalic.ttf */ = {isa = PBXFileReference; lastKnownFileType = file; path = "Nunito-ExtraBoldItalic.ttf"; sourceTree = "<group>"; };
		1C0EA8532A38B3EC00E06092 /* Nunito-BlackItalic.ttf */ = {isa = PBXFileReference; lastKnownFileType = file; path = "Nunito-BlackItalic.ttf"; sourceTree = "<group>"; };
		1C0EA8542A38B3EC00E06092 /* Nunito-BoldItalic.ttf */ = {isa = PBXFileReference; lastKnownFileType = file; path = "Nunito-BoldItalic.ttf"; sourceTree = "<group>"; };
		1C0EA8552A38B3EC00E06092 /* Nunito-Italic.ttf */ = {isa = PBXFileReference; lastKnownFileType = file; path = "Nunito-Italic.ttf"; sourceTree = "<group>"; };
		1C0EA8562A38B3EC00E06092 /* Nunito-Black.ttf */ = {isa = PBXFileReference; lastKnownFileType = file; path = "Nunito-Black.ttf"; sourceTree = "<group>"; };
		1C0EA8572A38B3EC00E06092 /* Nunito-Bold.ttf */ = {isa = PBXFileReference; lastKnownFileType = file; path = "Nunito-Bold.ttf"; sourceTree = "<group>"; };
		1C0EA8582A38B3EC00E06092 /* Nunito-ExtraLight.ttf */ = {isa = PBXFileReference; lastKnownFileType = file; path = "Nunito-ExtraLight.ttf"; sourceTree = "<group>"; };
		1C0EA8592A38B3EC00E06092 /* Nunito-SemiBold.ttf */ = {isa = PBXFileReference; lastKnownFileType = file; path = "Nunito-SemiBold.ttf"; sourceTree = "<group>"; };
		1C0EA85A2A38B3EC00E06092 /* Nunito-Regular.ttf */ = {isa = PBXFileReference; lastKnownFileType = file; path = "Nunito-Regular.ttf"; sourceTree = "<group>"; };
		1C0EA86C2A38C96200E06092 /* AnimatedTextField.swift */ = {isa = PBXFileReference; lastKnownFileType = sourcecode.swift; path = AnimatedTextField.swift; sourceTree = "<group>"; };
		1C0EA89C2A38D6B000E06092 /* GothamProNarrow-Bold.ttf */ = {isa = PBXFileReference; lastKnownFileType = file; name = "GothamProNarrow-Bold.ttf"; path = "../../../../../../Downloads/GothamPro/GothamProNarrow-Bold.ttf"; sourceTree = "<group>"; };
		1C0EA89D2A38D6B000E06092 /* GothamPro-Medium.ttf */ = {isa = PBXFileReference; lastKnownFileType = file; name = "GothamPro-Medium.ttf"; path = "../../../../../../Downloads/GothamPro/GothamPro-Medium.ttf"; sourceTree = "<group>"; };
		1C0EA89E2A38D6B000E06092 /* GothamPro-LightItalic.ttf */ = {isa = PBXFileReference; lastKnownFileType = file; name = "GothamPro-LightItalic.ttf"; path = "../../../../../../Downloads/GothamPro/GothamPro-LightItalic.ttf"; sourceTree = "<group>"; };
		1C0EA89F2A38D6B000E06092 /* GothamPro-Light.ttf */ = {isa = PBXFileReference; lastKnownFileType = file; name = "GothamPro-Light.ttf"; path = "../../../../../../Downloads/GothamPro/GothamPro-Light.ttf"; sourceTree = "<group>"; };
		1C0EA8A02A38D6B000E06092 /* GothamProNarrow-Medium.ttf */ = {isa = PBXFileReference; lastKnownFileType = file; name = "GothamProNarrow-Medium.ttf"; path = "../../../../../../Downloads/GothamPro/GothamProNarrow-Medium.ttf"; sourceTree = "<group>"; };
		1C0EA8A12A38D6B000E06092 /* GothamPro-Bold.ttf */ = {isa = PBXFileReference; lastKnownFileType = file; name = "GothamPro-Bold.ttf"; path = "../../../../../../Downloads/GothamPro/GothamPro-Bold.ttf"; sourceTree = "<group>"; };
		1C0EA8A22A38D6B000E06092 /* GothamPro-Black.ttf */ = {isa = PBXFileReference; lastKnownFileType = file; name = "GothamPro-Black.ttf"; path = "../../../../../../Downloads/GothamPro/GothamPro-Black.ttf"; sourceTree = "<group>"; };
		1C0EA8A32A38D6B000E06092 /* GothamPro-BoldItalic.ttf */ = {isa = PBXFileReference; lastKnownFileType = file; name = "GothamPro-BoldItalic.ttf"; path = "../../../../../../Downloads/GothamPro/GothamPro-BoldItalic.ttf"; sourceTree = "<group>"; };
		1C0EA8A42A38D6B000E06092 /* GothamPro-MediumItalic.ttf */ = {isa = PBXFileReference; lastKnownFileType = file; name = "GothamPro-MediumItalic.ttf"; path = "../../../../../../Downloads/GothamPro/GothamPro-MediumItalic.ttf"; sourceTree = "<group>"; };
		1C0EA8A52A38D6B000E06092 /* GothamPro-Italic.ttf */ = {isa = PBXFileReference; lastKnownFileType = file; name = "GothamPro-Italic.ttf"; path = "../../../../../../Downloads/GothamPro/GothamPro-Italic.ttf"; sourceTree = "<group>"; };
		1C0EA8A62A38D6B000E06092 /* GothamPro-BlackItalic.ttf */ = {isa = PBXFileReference; lastKnownFileType = file; name = "GothamPro-BlackItalic.ttf"; path = "../../../../../../Downloads/GothamPro/GothamPro-BlackItalic.ttf"; sourceTree = "<group>"; };
		1C0EA8A72A38D6B000E06092 /* GothamPro.ttf */ = {isa = PBXFileReference; lastKnownFileType = file; name = GothamPro.ttf; path = ../../../../../../Downloads/GothamPro/GothamPro.ttf; sourceTree = "<group>"; };
		1C0EA8B52A3AFD9400E06092 /* RegistrationViewController.swift */ = {isa = PBXFileReference; lastKnownFileType = sourcecode.swift; path = RegistrationViewController.swift; sourceTree = "<group>"; };
		1C0EA8B72A3AFDAF00E06092 /* RegistrationView.swift */ = {isa = PBXFileReference; lastKnownFileType = sourcecode.swift; path = RegistrationView.swift; sourceTree = "<group>"; };
		1C0EA8BA2A3B064600E06092 /* PasswordViewController.swift */ = {isa = PBXFileReference; lastKnownFileType = sourcecode.swift; path = PasswordViewController.swift; sourceTree = "<group>"; };
		1C0EA8BC2A3B064E00E06092 /* PasswordView.swift */ = {isa = PBXFileReference; lastKnownFileType = sourcecode.swift; path = PasswordView.swift; sourceTree = "<group>"; };
		1C315D462A4438BF000A41F7 /* PasswordViewModel.swift */ = {isa = PBXFileReference; lastKnownFileType = sourcecode.swift; path = PasswordViewModel.swift; sourceTree = "<group>"; };
		1C315D482A444BB2000A41F7 /* NumberTextField.swift */ = {isa = PBXFileReference; lastKnownFileType = sourcecode.swift; path = NumberTextField.swift; sourceTree = "<group>"; };
		1C315D4E2A45A94C000A41F7 /* AuthManager.swift */ = {isa = PBXFileReference; lastKnownFileType = sourcecode.swift; path = AuthManager.swift; sourceTree = "<group>"; };
		1C315D542A45B802000A41F7 /* NumberViewModel.swift */ = {isa = PBXFileReference; lastKnownFileType = sourcecode.swift; path = NumberViewModel.swift; sourceTree = "<group>"; };
		1C315D572A46D4B5000A41F7 /* GetUserData.swift */ = {isa = PBXFileReference; lastKnownFileType = sourcecode.swift; path = GetUserData.swift; sourceTree = "<group>"; };
		1C315D592A46E53B000A41F7 /* SFProText-Medium.ttf */ = {isa = PBXFileReference; lastKnownFileType = file; path = "SFProText-Medium.ttf"; sourceTree = "<group>"; };
		1C315D5E2A483710000A41F7 /* Data+Extensions.swift */ = {isa = PBXFileReference; lastKnownFileType = sourcecode.swift; path = "Data+Extensions.swift"; sourceTree = "<group>"; };
		1C315D612A484183000A41F7 /* OTPViewController.swift */ = {isa = PBXFileReference; lastKnownFileType = sourcecode.swift; path = OTPViewController.swift; sourceTree = "<group>"; };
		1C315D642A4841B5000A41F7 /* OTPView.swift */ = {isa = PBXFileReference; lastKnownFileType = sourcecode.swift; path = OTPView.swift; sourceTree = "<group>"; };
		1C315D6A2A4AE4EB000A41F7 /* LikedView.swift */ = {isa = PBXFileReference; lastKnownFileType = sourcecode.swift; path = LikedView.swift; sourceTree = "<group>"; };
		1C315D6D2A4AE9D6000A41F7 /* LikedViewController.swift */ = {isa = PBXFileReference; lastKnownFileType = sourcecode.swift; path = LikedViewController.swift; sourceTree = "<group>"; };
		1C315D702A4AEC72000A41F7 /* ProductView.swift */ = {isa = PBXFileReference; lastKnownFileType = sourcecode.swift; path = ProductView.swift; sourceTree = "<group>"; };
		1C315D722A4AEC8F000A41F7 /* ProductViewController.swift */ = {isa = PBXFileReference; lastKnownFileType = sourcecode.swift; path = ProductViewController.swift; sourceTree = "<group>"; };
		1C315D762A4AEE53000A41F7 /* AddProductViewController.swift */ = {isa = PBXFileReference; lastKnownFileType = sourcecode.swift; path = AddProductViewController.swift; sourceTree = "<group>"; };
		1C315D782A4AEE7C000A41F7 /* AddProductView.swift */ = {isa = PBXFileReference; lastKnownFileType = sourcecode.swift; path = AddProductView.swift; sourceTree = "<group>"; };
		1C315D7A2A4C276A000A41F7 /* CustomCell.swift */ = {isa = PBXFileReference; lastKnownFileType = sourcecode.swift; path = CustomCell.swift; sourceTree = "<group>"; };
		1C664FFF2A3EECBF00A36DF4 /* ProfileViewController.swift */ = {isa = PBXFileReference; lastKnownFileType = sourcecode.swift; path = ProfileViewController.swift; sourceTree = "<group>"; };
		1C6650012A3EECC800A36DF4 /* ProfileView.swift */ = {isa = PBXFileReference; lastKnownFileType = sourcecode.swift; path = ProfileView.swift; sourceTree = "<group>"; };
		1C6650032A3EF49500A36DF4 /* CustomTabBarController.swift */ = {isa = PBXFileReference; lastKnownFileType = sourcecode.swift; path = CustomTabBarController.swift; sourceTree = "<group>"; };
		1C6650052A40446900A36DF4 /* CustomTabBar.swift */ = {isa = PBXFileReference; lastKnownFileType = sourcecode.swift; path = CustomTabBar.swift; sourceTree = "<group>"; };
		1C6650082A405F6700A36DF4 /* SpashViewController.swift */ = {isa = PBXFileReference; lastKnownFileType = sourcecode.swift; path = SpashViewController.swift; sourceTree = "<group>"; };
		1C66500B2A40643000A36DF4 /* FinishRegViewController.swift */ = {isa = PBXFileReference; lastKnownFileType = sourcecode.swift; path = FinishRegViewController.swift; sourceTree = "<group>"; };
		1C66500D2A40643A00A36DF4 /* FinishRegView.swift */ = {isa = PBXFileReference; lastKnownFileType = sourcecode.swift; path = FinishRegView.swift; sourceTree = "<group>"; };
		1C6650102A419A0700A36DF4 /* NumberViewController.swift */ = {isa = PBXFileReference; lastKnownFileType = sourcecode.swift; path = NumberViewController.swift; sourceTree = "<group>"; };
		1C6650122A419A4C00A36DF4 /* NumberView.swift */ = {isa = PBXFileReference; lastKnownFileType = sourcecode.swift; path = NumberView.swift; sourceTree = "<group>"; };
		1C6C58EF2A4C46AD00EC17CE /* String+Extensions.swift */ = {isa = PBXFileReference; lastKnownFileType = sourcecode.swift; path = "String+Extensions.swift"; sourceTree = "<group>"; };
		1C6C58F12A4D6B9600EC17CE /* AddProductViewModel.swift */ = {isa = PBXFileReference; lastKnownFileType = sourcecode.swift; path = AddProductViewModel.swift; sourceTree = "<group>"; };
		1C6C58F32A4D7AFA00EC17CE /* ProductCellView.swift */ = {isa = PBXFileReference; lastKnownFileType = sourcecode.swift; path = ProductCellView.swift; sourceTree = "<group>"; };
		1C9317E02A55534F001C1C4B /* ProductViewModel.swift */ = {isa = PBXFileReference; lastKnownFileType = sourcecode.swift; path = ProductViewModel.swift; sourceTree = "<group>"; };
		1CAF44D92A41ACDC00E3EBEA /* Models.swift */ = {isa = PBXFileReference; lastKnownFileType = sourcecode.swift; path = Models.swift; sourceTree = "<group>"; };
		1CAF44DC2A41AEC500E3EBEA /* Service.swift */ = {isa = PBXFileReference; lastKnownFileType = sourcecode.swift; path = Service.swift; sourceTree = "<group>"; };
		1CAF44DF2A41AF7200E3EBEA /* LoginViewModel.swift */ = {isa = PBXFileReference; lastKnownFileType = sourcecode.swift; path = LoginViewModel.swift; sourceTree = "<group>"; };
		1CD323302A42FE3F00A3985C /* BorderedTextField.swift */ = {isa = PBXFileReference; lastKnownFileType = sourcecode.swift; path = BorderedTextField.swift; sourceTree = "<group>"; };
		1CD65F142A641ECD004B0956 /* ChangeProductView.swift */ = {isa = PBXFileReference; lastKnownFileType = sourcecode.swift; path = ChangeProductView.swift; sourceTree = "<group>"; };
		1CD65F162A641F06004B0956 /* ChangeProductViewController.swift */ = {isa = PBXFileReference; lastKnownFileType = sourcecode.swift; path = ChangeProductViewController.swift; sourceTree = "<group>"; };
		1CD65F182A641F8B004B0956 /* ChangeProductViewModel.swift */ = {isa = PBXFileReference; lastKnownFileType = sourcecode.swift; path = ChangeProductViewModel.swift; sourceTree = "<group>"; };
		1CEEC0D42A5AA0420000EBAF /* MainView.swift */ = {isa = PBXFileReference; lastKnownFileType = sourcecode.swift; path = MainView.swift; sourceTree = "<group>"; };
		1CEEC0D62A5AA06C0000EBAF /* MainViewController.swift */ = {isa = PBXFileReference; lastKnownFileType = sourcecode.swift; path = MainViewController.swift; sourceTree = "<group>"; };
		1CEEC0D82A6123FE0000EBAF /* PopUp.swift */ = {isa = PBXFileReference; lastKnownFileType = sourcecode.swift; path = PopUp.swift; sourceTree = "<group>"; };
/* End PBXFileReference section */

/* Begin PBXFrameworksBuildPhase section */
		1C0EA8282A38AF1300E06092 /* Frameworks */ = {
			isa = PBXFrameworksBuildPhase;
			buildActionMask = 2147483647;
			files = (
				1C0EA8472A38AFB500E06092 /* SnapKit in Frameworks */,
				1C315D522A45AB47000A41F7 /* Alamofire in Frameworks */,
				1C315D682A4AD47B000A41F7 /* AlamofireImage in Frameworks */,
			);
			runOnlyForDeploymentPostprocessing = 0;
		};
/* End PBXFrameworksBuildPhase section */

/* Begin PBXGroup section */
		1C0EA8222A38AF1300E06092 = {
			isa = PBXGroup;
			children = (
				1C0EA82D2A38AF1300E06092 /* neobis_ios_marketplace */,
				1C0EA82C2A38AF1300E06092 /* Products */,
			);
			sourceTree = "<group>";
		};
		1C0EA82C2A38AF1300E06092 /* Products */ = {
			isa = PBXGroup;
			children = (
				1C0EA82B2A38AF1300E06092 /* neobis_ios_marketplace.app */,
			);
			name = Products;
			sourceTree = "<group>";
		};
		1C0EA82D2A38AF1300E06092 /* neobis_ios_marketplace */ = {
			isa = PBXGroup;
			children = (
				1C0EA8422A38AF7200E06092 /* Screens */,
				1C315D5D2A4836FB000A41F7 /* Extensions */,
				1C315D562A46D4A2000A41F7 /* GetUserData */,
				1C315D4D2A45A8DD000A41F7 /* AuthManager */,
				1CAF44D82A41ACCF00E3EBEA /* Models */,
				1CAF44DB2A41AEB500E3EBEA /* Service */,
				1C6650072A4058AF00A36DF4 /* CustomTabBar */,
				1C0EA86B2A38C95500E06092 /* CustomTextFields */,
				1C0EA82E2A38AF1300E06092 /* AppDelegate.swift */,
				1C0EA8302A38AF1300E06092 /* SceneDelegate.swift */,
				1C0EA8372A38AF1400E06092 /* Assets.xcassets */,
				1C0EA8392A38AF1400E06092 /* LaunchScreen.storyboard */,
				1C0EA83C2A38AF1400E06092 /* Info.plist */,
			);
			path = neobis_ios_marketplace;
			sourceTree = "<group>";
		};
		1C0EA8422A38AF7200E06092 /* Screens */ = {
			isa = PBXGroup;
			children = (
				1CEEC0D22A5AA01A0000EBAF /* MainScreen */,
				1C0EA8432A38AF7D00E06092 /* SplashScreen */,
				1C0EA8442A38AF9200E06092 /* Login */,
				1C0EA8B42A3AFD2200E06092 /* Registration */,
				1C0EA8B92A3B062E00E06092 /* Password */,
				1C664FFD2A3EEC9E00A36DF4 /* Profile */,
				1C66500A2A40641800A36DF4 /* FinishRegistration */,
				1C66500F2A4199C700A36DF4 /* AddNumber */,
				1C315D602A484175000A41F7 /* OTP */,
				1C315D5B2A470527000A41F7 /* LikeScreen */,
				1C315D5C2A470533000A41F7 /* Product */,
				1C315D742A4AEE17000A41F7 /* AddProduct */,
				1CD65F122A641E70004B0956 /* ChangeProduct */,
				1C0EA84A2A38B38D00E06092 /* Fonts */,
			);
			path = Screens;
			sourceTree = "<group>";
		};
		1C0EA8432A38AF7D00E06092 /* SplashScreen */ = {
			isa = PBXGroup;
			children = (
				1C6650082A405F6700A36DF4 /* SpashViewController.swift */,
			);
			path = SplashScreen;
			sourceTree = "<group>";
		};
		1C0EA8442A38AF9200E06092 /* Login */ = {
			isa = PBXGroup;
			children = (
				1C315D4C2A45831D000A41F7 /* Views */,
				1C0EA8322A38AF1300E06092 /* LoginViewController.swift */,
				1CAF44DF2A41AF7200E3EBEA /* LoginViewModel.swift */,
			);
			path = Login;
			sourceTree = "<group>";
		};
		1C0EA84A2A38B38D00E06092 /* Fonts */ = {
			isa = PBXGroup;
			children = (
				1C315D592A46E53B000A41F7 /* SFProText-Medium.ttf */,
				1C0EA8A22A38D6B000E06092 /* GothamPro-Black.ttf */,
				1C0EA8A62A38D6B000E06092 /* GothamPro-BlackItalic.ttf */,
				1C0EA8A12A38D6B000E06092 /* GothamPro-Bold.ttf */,
				1C0EA8A32A38D6B000E06092 /* GothamPro-BoldItalic.ttf */,
				1C0EA8A52A38D6B000E06092 /* GothamPro-Italic.ttf */,
				1C0EA89F2A38D6B000E06092 /* GothamPro-Light.ttf */,
				1C0EA89E2A38D6B000E06092 /* GothamPro-LightItalic.ttf */,
				1C0EA89D2A38D6B000E06092 /* GothamPro-Medium.ttf */,
				1C0EA8A42A38D6B000E06092 /* GothamPro-MediumItalic.ttf */,
				1C0EA8A72A38D6B000E06092 /* GothamPro.ttf */,
				1C0EA89C2A38D6B000E06092 /* GothamProNarrow-Bold.ttf */,
				1C0EA8A02A38D6B000E06092 /* GothamProNarrow-Medium.ttf */,
				1C0EA8562A38B3EC00E06092 /* Nunito-Black.ttf */,
				1C0EA8532A38B3EC00E06092 /* Nunito-BlackItalic.ttf */,
				1C0EA8572A38B3EC00E06092 /* Nunito-Bold.ttf */,
				1C0EA8542A38B3EC00E06092 /* Nunito-BoldItalic.ttf */,
				1C0EA84B2A38B3EC00E06092 /* Nunito-ExtraBold.ttf */,
				1C0EA8522A38B3EC00E06092 /* Nunito-ExtraBoldItalic.ttf */,
				1C0EA8582A38B3EC00E06092 /* Nunito-ExtraLight.ttf */,
				1C0EA8502A38B3EC00E06092 /* Nunito-ExtraLightItalic.ttf */,
				1C0EA8552A38B3EC00E06092 /* Nunito-Italic.ttf */,
				1C0EA84E2A38B3EC00E06092 /* Nunito-Light.ttf */,
				1C0EA84F2A38B3EC00E06092 /* Nunito-LightItalic.ttf */,
				1C0EA84C2A38B3EC00E06092 /* Nunito-Medium.ttf */,
				1C0EA8512A38B3EC00E06092 /* Nunito-MediumItalic.ttf */,
				1C0EA85A2A38B3EC00E06092 /* Nunito-Regular.ttf */,
				1C0EA8592A38B3EC00E06092 /* Nunito-SemiBold.ttf */,
				1C0EA84D2A38B3EC00E06092 /* Nunito-SemiBoldItalic.ttf */,
			);
			path = Fonts;
			sourceTree = "<group>";
		};
		1C0EA86B2A38C95500E06092 /* CustomTextFields */ = {
			isa = PBXGroup;
			children = (
				1C0EA86C2A38C96200E06092 /* AnimatedTextField.swift */,
				1CD323302A42FE3F00A3985C /* BorderedTextField.swift */,
				1C315D482A444BB2000A41F7 /* NumberTextField.swift */,
			);
			path = CustomTextFields;
			sourceTree = "<group>";
		};
		1C0EA8B42A3AFD2200E06092 /* Registration */ = {
			isa = PBXGroup;
			children = (
				1C315D4A2A4484FC000A41F7 /* Views */,
				1C0EA8B52A3AFD9400E06092 /* RegistrationViewController.swift */,
			);
			path = Registration;
			sourceTree = "<group>";
		};
		1C0EA8B92A3B062E00E06092 /* Password */ = {
			isa = PBXGroup;
			children = (
				1C315D4B2A457FB1000A41F7 /* Views */,
				1C0EA8BA2A3B064600E06092 /* PasswordViewController.swift */,
				1C315D462A4438BF000A41F7 /* PasswordViewModel.swift */,
			);
			path = Password;
			sourceTree = "<group>";
		};
		1C315D4A2A4484FC000A41F7 /* Views */ = {
			isa = PBXGroup;
			children = (
				1C0EA8B72A3AFDAF00E06092 /* RegistrationView.swift */,
			);
			path = Views;
			sourceTree = "<group>";
		};
		1C315D4B2A457FB1000A41F7 /* Views */ = {
			isa = PBXGroup;
			children = (
				1C0EA8BC2A3B064E00E06092 /* PasswordView.swift */,
			);
			path = Views;
			sourceTree = "<group>";
		};
		1C315D4C2A45831D000A41F7 /* Views */ = {
			isa = PBXGroup;
			children = (
				1C0EA8482A38AFCD00E06092 /* LoginView.swift */,
			);
			path = Views;
			sourceTree = "<group>";
		};
		1C315D4D2A45A8DD000A41F7 /* AuthManager */ = {
			isa = PBXGroup;
			children = (
				1C315D4E2A45A94C000A41F7 /* AuthManager.swift */,
			);
			path = AuthManager;
			sourceTree = "<group>";
		};
		1C315D532A45B7F4000A41F7 /* Views */ = {
			isa = PBXGroup;
			children = (
				1C6650122A419A4C00A36DF4 /* NumberView.swift */,
			);
			path = Views;
			sourceTree = "<group>";
		};
		1C315D562A46D4A2000A41F7 /* GetUserData */ = {
			isa = PBXGroup;
			children = (
				1C315D572A46D4B5000A41F7 /* GetUserData.swift */,
			);
			path = GetUserData;
			sourceTree = "<group>";
		};
		1C315D5B2A470527000A41F7 /* LikeScreen */ = {
			isa = PBXGroup;
			children = (
				1C315D692A4AE415000A41F7 /* Liked */,
			);
			path = LikeScreen;
			sourceTree = "<group>";
		};
		1C315D5C2A470533000A41F7 /* Product */ = {
			isa = PBXGroup;
			children = (
				1C315D6F2A4AEC67000A41F7 /* Views */,
				1C315D722A4AEC8F000A41F7 /* ProductViewController.swift */,
				1C9317E02A55534F001C1C4B /* ProductViewModel.swift */,
			);
			path = Product;
			sourceTree = "<group>";
		};
		1C315D5D2A4836FB000A41F7 /* Extensions */ = {
			isa = PBXGroup;
			children = (
				1C315D5E2A483710000A41F7 /* Data+Extensions.swift */,
				1C6C58EF2A4C46AD00EC17CE /* String+Extensions.swift */,
			);
			path = Extensions;
			sourceTree = "<group>";
		};
		1C315D602A484175000A41F7 /* OTP */ = {
			isa = PBXGroup;
			children = (
				1C315D632A4841AA000A41F7 /* Views */,
				1C315D612A484183000A41F7 /* OTPViewController.swift */,
			);
			path = OTP;
			sourceTree = "<group>";
		};
		1C315D632A4841AA000A41F7 /* Views */ = {
			isa = PBXGroup;
			children = (
				1C315D642A4841B5000A41F7 /* OTPView.swift */,
			);
			path = Views;
			sourceTree = "<group>";
		};
		1C315D692A4AE415000A41F7 /* Liked */ = {
			isa = PBXGroup;
			children = (
				1C315D6C2A4AE9C9000A41F7 /* Views */,
				1C315D6D2A4AE9D6000A41F7 /* LikedViewController.swift */,
			);
			path = Liked;
			sourceTree = "<group>";
		};
		1C315D6C2A4AE9C9000A41F7 /* Views */ = {
			isa = PBXGroup;
			children = (
				1C315D6A2A4AE4EB000A41F7 /* LikedView.swift */,
			);
			path = Views;
			sourceTree = "<group>";
		};
		1C315D6F2A4AEC67000A41F7 /* Views */ = {
			isa = PBXGroup;
			children = (
				1C315D702A4AEC72000A41F7 /* ProductView.swift */,
				1C6C58F32A4D7AFA00EC17CE /* ProductCellView.swift */,
				1CEEC0D82A6123FE0000EBAF /* PopUp.swift */,
			);
			path = Views;
			sourceTree = "<group>";
		};
		1C315D742A4AEE17000A41F7 /* AddProduct */ = {
			isa = PBXGroup;
			children = (
				1C315D752A4AEE40000A41F7 /* Views */,
				1C315D762A4AEE53000A41F7 /* AddProductViewController.swift */,
				1C6C58F12A4D6B9600EC17CE /* AddProductViewModel.swift */,
			);
			path = AddProduct;
			sourceTree = "<group>";
		};
		1C315D752A4AEE40000A41F7 /* Views */ = {
			isa = PBXGroup;
			children = (
				1C315D782A4AEE7C000A41F7 /* AddProductView.swift */,
				1C315D7A2A4C276A000A41F7 /* CustomCell.swift */,
			);
			path = Views;
			sourceTree = "<group>";
		};
		1C664FFD2A3EEC9E00A36DF4 /* Profile */ = {
			isa = PBXGroup;
			children = (
				1C664FFF2A3EECBF00A36DF4 /* ProfileViewController.swift */,
				1C6650012A3EECC800A36DF4 /* ProfileView.swift */,
			);
			path = Profile;
			sourceTree = "<group>";
		};
		1C6650072A4058AF00A36DF4 /* CustomTabBar */ = {
			isa = PBXGroup;
			children = (
				1C6650032A3EF49500A36DF4 /* CustomTabBarController.swift */,
				1C6650052A40446900A36DF4 /* CustomTabBar.swift */,
			);
			path = CustomTabBar;
			sourceTree = "<group>";
		};
		1C66500A2A40641800A36DF4 /* FinishRegistration */ = {
			isa = PBXGroup;
			children = (
				1C66500B2A40643000A36DF4 /* FinishRegViewController.swift */,
				1C66500D2A40643A00A36DF4 /* FinishRegView.swift */,
			);
			path = FinishRegistration;
			sourceTree = "<group>";
		};
		1C66500F2A4199C700A36DF4 /* AddNumber */ = {
			isa = PBXGroup;
			children = (
				1C315D532A45B7F4000A41F7 /* Views */,
				1C6650102A419A0700A36DF4 /* NumberViewController.swift */,
				1C315D542A45B802000A41F7 /* NumberViewModel.swift */,
			);
			path = AddNumber;
			sourceTree = "<group>";
		};
		1CAF44D82A41ACCF00E3EBEA /* Models */ = {
			isa = PBXGroup;
			children = (
				1CAF44D92A41ACDC00E3EBEA /* Models.swift */,
			);
			path = Models;
			sourceTree = "<group>";
		};
		1CAF44DB2A41AEB500E3EBEA /* Service */ = {
			isa = PBXGroup;
			children = (
				1CAF44DC2A41AEC500E3EBEA /* Service.swift */,
			);
			path = Service;
			sourceTree = "<group>";
		};
		1CD65F122A641E70004B0956 /* ChangeProduct */ = {
			isa = PBXGroup;
			children = (
				1CD65F132A641EA9004B0956 /* Views */,
				1CD65F162A641F06004B0956 /* ChangeProductViewController.swift */,
				1CD65F182A641F8B004B0956 /* ChangeProductViewModel.swift */,
			);
			path = ChangeProduct;
			sourceTree = "<group>";
		};
		1CD65F132A641EA9004B0956 /* Views */ = {
			isa = PBXGroup;
			children = (
				1CD65F142A641ECD004B0956 /* ChangeProductView.swift */,
			);
			path = Views;
			sourceTree = "<group>";
		};
		1CEEC0D22A5AA01A0000EBAF /* MainScreen */ = {
			isa = PBXGroup;
			children = (
				1CEEC0D32A5AA0380000EBAF /* Views */,
				1CEEC0D62A5AA06C0000EBAF /* MainViewController.swift */,
			);
			path = MainScreen;
			sourceTree = "<group>";
		};
		1CEEC0D32A5AA0380000EBAF /* Views */ = {
			isa = PBXGroup;
			children = (
				1CEEC0D42A5AA0420000EBAF /* MainView.swift */,
			);
			path = Views;
			sourceTree = "<group>";
		};
/* End PBXGroup section */

/* Begin PBXNativeTarget section */
		1C0EA82A2A38AF1300E06092 /* neobis_ios_marketplace */ = {
			isa = PBXNativeTarget;
			buildConfigurationList = 1C0EA83F2A38AF1400E06092 /* Build configuration list for PBXNativeTarget "neobis_ios_marketplace" */;
			buildPhases = (
				1C0EA8272A38AF1300E06092 /* Sources */,
				1C0EA8282A38AF1300E06092 /* Frameworks */,
				1C0EA8292A38AF1300E06092 /* Resources */,
			);
			buildRules = (
			);
			dependencies = (
			);
			name = neobis_ios_marketplace;
			packageProductDependencies = (
				1C0EA8462A38AFB500E06092 /* SnapKit */,
				1C315D512A45AB47000A41F7 /* Alamofire */,
				1C315D672A4AD47B000A41F7 /* AlamofireImage */,
			);
			productName = neobis_ios_marketplace;
			productReference = 1C0EA82B2A38AF1300E06092 /* neobis_ios_marketplace.app */;
			productType = "com.apple.product-type.application";
		};
/* End PBXNativeTarget section */

/* Begin PBXProject section */
		1C0EA8232A38AF1300E06092 /* Project object */ = {
			isa = PBXProject;
			attributes = {
				BuildIndependentTargetsInParallel = 1;
				LastSwiftUpdateCheck = 1430;
				LastUpgradeCheck = 1430;
				TargetAttributes = {
					1C0EA82A2A38AF1300E06092 = {
						CreatedOnToolsVersion = 14.3;
					};
				};
			};
			buildConfigurationList = 1C0EA8262A38AF1300E06092 /* Build configuration list for PBXProject "neobis_ios_marketplace" */;
			compatibilityVersion = "Xcode 14.0";
			developmentRegion = en;
			hasScannedForEncodings = 0;
			knownRegions = (
				en,
				Base,
			);
			mainGroup = 1C0EA8222A38AF1300E06092;
			packageReferences = (
				1C0EA8452A38AFB500E06092 /* XCRemoteSwiftPackageReference "Snapkit" */,
				1C315D502A45AB47000A41F7 /* XCRemoteSwiftPackageReference "Alamofire" */,
				1C315D662A4AD47B000A41F7 /* XCRemoteSwiftPackageReference "AlamofireImage" */,
			);
			productRefGroup = 1C0EA82C2A38AF1300E06092 /* Products */;
			projectDirPath = "";
			projectRoot = "";
			targets = (
				1C0EA82A2A38AF1300E06092 /* neobis_ios_marketplace */,
			);
		};
/* End PBXProject section */

/* Begin PBXResourcesBuildPhase section */
		1C0EA8292A38AF1300E06092 /* Resources */ = {
			isa = PBXResourcesBuildPhase;
			buildActionMask = 2147483647;
			files = (
				1C0EA85C2A38B3EC00E06092 /* Nunito-Medium.ttf in Resources */,
				1C0EA8B02A38D6B000E06092 /* GothamPro-MediumItalic.ttf in Resources */,
				1C0EA8672A38B3EC00E06092 /* Nunito-Bold.ttf in Resources */,
				1C0EA8662A38B3EC00E06092 /* Nunito-Black.ttf in Resources */,
				1C0EA8692A38B3EC00E06092 /* Nunito-SemiBold.ttf in Resources */,
				1C0EA8622A38B3EC00E06092 /* Nunito-ExtraBoldItalic.ttf in Resources */,
				1C0EA8AD2A38D6B000E06092 /* GothamPro-Bold.ttf in Resources */,
				1C0EA85B2A38B3EC00E06092 /* Nunito-ExtraBold.ttf in Resources */,
				1C0EA8B32A38D6B000E06092 /* GothamPro.ttf in Resources */,
				1C0EA8AA2A38D6B000E06092 /* GothamPro-LightItalic.ttf in Resources */,
				1C0EA86A2A38B3EC00E06092 /* Nunito-Regular.ttf in Resources */,
				1C0EA85E2A38B3EC00E06092 /* Nunito-Light.ttf in Resources */,
				1C0EA8602A38B3EC00E06092 /* Nunito-ExtraLightItalic.ttf in Resources */,
				1C0EA8B12A38D6B000E06092 /* GothamPro-Italic.ttf in Resources */,
				1C0EA8682A38B3EC00E06092 /* Nunito-ExtraLight.ttf in Resources */,
				1C0EA83B2A38AF1400E06092 /* LaunchScreen.storyboard in Resources */,
				1C0EA8652A38B3EC00E06092 /* Nunito-Italic.ttf in Resources */,
				1C0EA8AB2A38D6B000E06092 /* GothamPro-Light.ttf in Resources */,
				1C0EA8642A38B3EC00E06092 /* Nunito-BoldItalic.ttf in Resources */,
				1C0EA8AC2A38D6B000E06092 /* GothamProNarrow-Medium.ttf in Resources */,
				1C0EA8A82A38D6B000E06092 /* GothamProNarrow-Bold.ttf in Resources */,
				1C0EA8AE2A38D6B000E06092 /* GothamPro-Black.ttf in Resources */,
				1C0EA8632A38B3EC00E06092 /* Nunito-BlackItalic.ttf in Resources */,
				1C0EA8A92A38D6B000E06092 /* GothamPro-Medium.ttf in Resources */,
				1C315D5A2A46E53B000A41F7 /* SFProText-Medium.ttf in Resources */,
				1C0EA8AF2A38D6B000E06092 /* GothamPro-BoldItalic.ttf in Resources */,
				1C0EA85F2A38B3EC00E06092 /* Nunito-LightItalic.ttf in Resources */,
				1C0EA8612A38B3EC00E06092 /* Nunito-MediumItalic.ttf in Resources */,
				1C0EA8B22A38D6B000E06092 /* GothamPro-BlackItalic.ttf in Resources */,
				1C0EA85D2A38B3EC00E06092 /* Nunito-SemiBoldItalic.ttf in Resources */,
				1C0EA8382A38AF1400E06092 /* Assets.xcassets in Resources */,
			);
			runOnlyForDeploymentPostprocessing = 0;
		};
/* End PBXResourcesBuildPhase section */

/* Begin PBXSourcesBuildPhase section */
		1C0EA8272A38AF1300E06092 /* Sources */ = {
			isa = PBXSourcesBuildPhase;
			buildActionMask = 2147483647;
			files = (
				1C6650092A405F6700A36DF4 /* SpashViewController.swift in Sources */,
				1CEEC0D52A5AA0420000EBAF /* MainView.swift in Sources */,
				1CEEC0D92A6123FE0000EBAF /* PopUp.swift in Sources */,
				1C315D5F2A483710000A41F7 /* Data+Extensions.swift in Sources */,
				1C9317E12A55534F001C1C4B /* ProductViewModel.swift in Sources */,
				1C66500C2A40643000A36DF4 /* FinishRegViewController.swift in Sources */,
				1C315D7B2A4C276A000A41F7 /* CustomCell.swift in Sources */,
				1C6C58F42A4D7AFA00EC17CE /* ProductCellView.swift in Sources */,
				1C315D582A46D4B5000A41F7 /* GetUserData.swift in Sources */,
				1C315D732A4AEC8F000A41F7 /* ProductViewController.swift in Sources */,
				1C315D492A444BB2000A41F7 /* NumberTextField.swift in Sources */,
				1C315D552A45B802000A41F7 /* NumberViewModel.swift in Sources */,
				1CEEC0D72A5AA06C0000EBAF /* MainViewController.swift in Sources */,
				1C0EA8B62A3AFD9400E06092 /* RegistrationViewController.swift in Sources */,
				1C315D712A4AEC72000A41F7 /* ProductView.swift in Sources */,
				1C0EA8BD2A3B064E00E06092 /* PasswordView.swift in Sources */,
				1C6650002A3EECBF00A36DF4 /* ProfileViewController.swift in Sources */,
				1CD323312A42FE3F00A3985C /* BorderedTextField.swift in Sources */,
				1CD65F192A641F8B004B0956 /* ChangeProductViewModel.swift in Sources */,
				1C315D792A4AEE7C000A41F7 /* AddProductView.swift in Sources */,
				1C6650062A40446900A36DF4 /* CustomTabBar.swift in Sources */,
				1C315D622A484183000A41F7 /* OTPViewController.swift in Sources */,
				1C0EA8BB2A3B064600E06092 /* PasswordViewController.swift in Sources */,
				1C0EA8332A38AF1300E06092 /* LoginViewController.swift in Sources */,
				1C315D6B2A4AE4EB000A41F7 /* LikedView.swift in Sources */,
				1C6650112A419A0700A36DF4 /* NumberViewController.swift in Sources */,
				1C66500E2A40643A00A36DF4 /* FinishRegView.swift in Sources */,
				1C0EA82F2A38AF1300E06092 /* AppDelegate.swift in Sources */,
				1C6650132A419A4C00A36DF4 /* NumberView.swift in Sources */,
				1C315D472A4438BF000A41F7 /* PasswordViewModel.swift in Sources */,
				1C315D772A4AEE53000A41F7 /* AddProductViewController.swift in Sources */,
				1C0EA8B82A3AFDAF00E06092 /* RegistrationView.swift in Sources */,
				1C0EA8492A38AFCD00E06092 /* LoginView.swift in Sources */,
				1CD65F172A641F06004B0956 /* ChangeProductViewController.swift in Sources */,
				1C6C58F22A4D6B9600EC17CE /* AddProductViewModel.swift in Sources */,
				1C0EA8312A38AF1300E06092 /* SceneDelegate.swift in Sources */,
				1CAF44DA2A41ACDC00E3EBEA /* Models.swift in Sources */,
				1C6650022A3EECC800A36DF4 /* ProfileView.swift in Sources */,
				1CAF44DD2A41AEC500E3EBEA /* Service.swift in Sources */,
				1C0EA86D2A38C96200E06092 /* AnimatedTextField.swift in Sources */,
				1C6C58F02A4C46AD00EC17CE /* String+Extensions.swift in Sources */,
				1CD65F152A641ECD004B0956 /* ChangeProductView.swift in Sources */,
				1C315D652A4841B5000A41F7 /* OTPView.swift in Sources */,
				1C315D6E2A4AE9D6000A41F7 /* LikedViewController.swift in Sources */,
				1C6650042A3EF49500A36DF4 /* CustomTabBarController.swift in Sources */,
				1CAF44E02A41AF7200E3EBEA /* LoginViewModel.swift in Sources */,
				1C315D4F2A45A94C000A41F7 /* AuthManager.swift in Sources */,
			);
			runOnlyForDeploymentPostprocessing = 0;
		};
/* End PBXSourcesBuildPhase section */

/* Begin PBXVariantGroup section */
		1C0EA8392A38AF1400E06092 /* LaunchScreen.storyboard */ = {
			isa = PBXVariantGroup;
			children = (
				1C0EA83A2A38AF1400E06092 /* Base */,
			);
			name = LaunchScreen.storyboard;
			sourceTree = "<group>";
		};
/* End PBXVariantGroup section */

/* Begin XCBuildConfiguration section */
		1C0EA83D2A38AF1400E06092 /* Debug */ = {
			isa = XCBuildConfiguration;
			buildSettings = {
				ALWAYS_SEARCH_USER_PATHS = NO;
				CLANG_ANALYZER_NONNULL = YES;
				CLANG_ANALYZER_NUMBER_OBJECT_CONVERSION = YES_AGGRESSIVE;
				CLANG_CXX_LANGUAGE_STANDARD = "gnu++20";
				CLANG_ENABLE_MODULES = YES;
				CLANG_ENABLE_OBJC_ARC = YES;
				CLANG_ENABLE_OBJC_WEAK = YES;
				CLANG_WARN_BLOCK_CAPTURE_AUTORELEASING = YES;
				CLANG_WARN_BOOL_CONVERSION = YES;
				CLANG_WARN_COMMA = YES;
				CLANG_WARN_CONSTANT_CONVERSION = YES;
				CLANG_WARN_DEPRECATED_OBJC_IMPLEMENTATIONS = YES;
				CLANG_WARN_DIRECT_OBJC_ISA_USAGE = YES_ERROR;
				CLANG_WARN_DOCUMENTATION_COMMENTS = YES;
				CLANG_WARN_EMPTY_BODY = YES;
				CLANG_WARN_ENUM_CONVERSION = YES;
				CLANG_WARN_INFINITE_RECURSION = YES;
				CLANG_WARN_INT_CONVERSION = YES;
				CLANG_WARN_NON_LITERAL_NULL_CONVERSION = YES;
				CLANG_WARN_OBJC_IMPLICIT_RETAIN_SELF = YES;
				CLANG_WARN_OBJC_LITERAL_CONVERSION = YES;
				CLANG_WARN_OBJC_ROOT_CLASS = YES_ERROR;
				CLANG_WARN_QUOTED_INCLUDE_IN_FRAMEWORK_HEADER = YES;
				CLANG_WARN_RANGE_LOOP_ANALYSIS = YES;
				CLANG_WARN_STRICT_PROTOTYPES = YES;
				CLANG_WARN_SUSPICIOUS_MOVE = YES;
				CLANG_WARN_UNGUARDED_AVAILABILITY = YES_AGGRESSIVE;
				CLANG_WARN_UNREACHABLE_CODE = YES;
				CLANG_WARN__DUPLICATE_METHOD_MATCH = YES;
				COPY_PHASE_STRIP = NO;
				DEBUG_INFORMATION_FORMAT = dwarf;
				ENABLE_STRICT_OBJC_MSGSEND = YES;
				ENABLE_TESTABILITY = YES;
				GCC_C_LANGUAGE_STANDARD = gnu11;
				GCC_DYNAMIC_NO_PIC = NO;
				GCC_NO_COMMON_BLOCKS = YES;
				GCC_OPTIMIZATION_LEVEL = 0;
				GCC_PREPROCESSOR_DEFINITIONS = (
					"DEBUG=1",
					"$(inherited)",
				);
				GCC_WARN_64_TO_32_BIT_CONVERSION = YES;
				GCC_WARN_ABOUT_RETURN_TYPE = YES_ERROR;
				GCC_WARN_UNDECLARED_SELECTOR = YES;
				GCC_WARN_UNINITIALIZED_AUTOS = YES_AGGRESSIVE;
				GCC_WARN_UNUSED_FUNCTION = YES;
				GCC_WARN_UNUSED_VARIABLE = YES;
				IPHONEOS_DEPLOYMENT_TARGET = 16.4;
				MTL_ENABLE_DEBUG_INFO = INCLUDE_SOURCE;
				MTL_FAST_MATH = YES;
				ONLY_ACTIVE_ARCH = YES;
				SDKROOT = iphoneos;
				SWIFT_ACTIVE_COMPILATION_CONDITIONS = DEBUG;
				SWIFT_OPTIMIZATION_LEVEL = "-Onone";
			};
			name = Debug;
		};
		1C0EA83E2A38AF1400E06092 /* Release */ = {
			isa = XCBuildConfiguration;
			buildSettings = {
				ALWAYS_SEARCH_USER_PATHS = NO;
				CLANG_ANALYZER_NONNULL = YES;
				CLANG_ANALYZER_NUMBER_OBJECT_CONVERSION = YES_AGGRESSIVE;
				CLANG_CXX_LANGUAGE_STANDARD = "gnu++20";
				CLANG_ENABLE_MODULES = YES;
				CLANG_ENABLE_OBJC_ARC = YES;
				CLANG_ENABLE_OBJC_WEAK = YES;
				CLANG_WARN_BLOCK_CAPTURE_AUTORELEASING = YES;
				CLANG_WARN_BOOL_CONVERSION = YES;
				CLANG_WARN_COMMA = YES;
				CLANG_WARN_CONSTANT_CONVERSION = YES;
				CLANG_WARN_DEPRECATED_OBJC_IMPLEMENTATIONS = YES;
				CLANG_WARN_DIRECT_OBJC_ISA_USAGE = YES_ERROR;
				CLANG_WARN_DOCUMENTATION_COMMENTS = YES;
				CLANG_WARN_EMPTY_BODY = YES;
				CLANG_WARN_ENUM_CONVERSION = YES;
				CLANG_WARN_INFINITE_RECURSION = YES;
				CLANG_WARN_INT_CONVERSION = YES;
				CLANG_WARN_NON_LITERAL_NULL_CONVERSION = YES;
				CLANG_WARN_OBJC_IMPLICIT_RETAIN_SELF = YES;
				CLANG_WARN_OBJC_LITERAL_CONVERSION = YES;
				CLANG_WARN_OBJC_ROOT_CLASS = YES_ERROR;
				CLANG_WARN_QUOTED_INCLUDE_IN_FRAMEWORK_HEADER = YES;
				CLANG_WARN_RANGE_LOOP_ANALYSIS = YES;
				CLANG_WARN_STRICT_PROTOTYPES = YES;
				CLANG_WARN_SUSPICIOUS_MOVE = YES;
				CLANG_WARN_UNGUARDED_AVAILABILITY = YES_AGGRESSIVE;
				CLANG_WARN_UNREACHABLE_CODE = YES;
				CLANG_WARN__DUPLICATE_METHOD_MATCH = YES;
				COPY_PHASE_STRIP = NO;
				DEBUG_INFORMATION_FORMAT = "dwarf-with-dsym";
				ENABLE_NS_ASSERTIONS = NO;
				ENABLE_STRICT_OBJC_MSGSEND = YES;
				GCC_C_LANGUAGE_STANDARD = gnu11;
				GCC_NO_COMMON_BLOCKS = YES;
				GCC_WARN_64_TO_32_BIT_CONVERSION = YES;
				GCC_WARN_ABOUT_RETURN_TYPE = YES_ERROR;
				GCC_WARN_UNDECLARED_SELECTOR = YES;
				GCC_WARN_UNINITIALIZED_AUTOS = YES_AGGRESSIVE;
				GCC_WARN_UNUSED_FUNCTION = YES;
				GCC_WARN_UNUSED_VARIABLE = YES;
				IPHONEOS_DEPLOYMENT_TARGET = 16.4;
				MTL_ENABLE_DEBUG_INFO = NO;
				MTL_FAST_MATH = YES;
				SDKROOT = iphoneos;
				SWIFT_COMPILATION_MODE = wholemodule;
				SWIFT_OPTIMIZATION_LEVEL = "-O";
				VALIDATE_PRODUCT = YES;
			};
			name = Release;
		};
		1C0EA8402A38AF1400E06092 /* Debug */ = {
			isa = XCBuildConfiguration;
			buildSettings = {
				ASSETCATALOG_COMPILER_APPICON_NAME = AppIcon;
				ASSETCATALOG_COMPILER_GLOBAL_ACCENT_COLOR_NAME = AccentColor;
				CODE_SIGN_STYLE = Automatic;
				CURRENT_PROJECT_VERSION = 1;
				DEVELOPMENT_TEAM = QDV7MRC2HW;
				GENERATE_INFOPLIST_FILE = YES;
				INFOPLIST_FILE = neobis_ios_marketplace/Info.plist;
				INFOPLIST_KEY_UIApplicationSupportsIndirectInputEvents = YES;
				INFOPLIST_KEY_UILaunchStoryboardName = SplashViewController;
				INFOPLIST_KEY_UISupportedInterfaceOrientations_iPad = "UIInterfaceOrientationPortrait UIInterfaceOrientationPortraitUpsideDown UIInterfaceOrientationLandscapeLeft UIInterfaceOrientationLandscapeRight";
				INFOPLIST_KEY_UISupportedInterfaceOrientations_iPhone = "UIInterfaceOrientationPortrait UIInterfaceOrientationLandscapeLeft UIInterfaceOrientationLandscapeRight";
				LD_RUNPATH_SEARCH_PATHS = (
					"$(inherited)",
					"@executable_path/Frameworks",
				);
				MARKETING_VERSION = 1.0;
				PRODUCT_BUNDLE_IDENTIFIER = "aidarrsh.neobis-ios-marketplace";
				PRODUCT_NAME = "$(TARGET_NAME)";
				SWIFT_EMIT_LOC_STRINGS = YES;
				SWIFT_VERSION = 5.0;
				TARGETED_DEVICE_FAMILY = "1,2";
			};
			name = Debug;
		};
		1C0EA8412A38AF1400E06092 /* Release */ = {
			isa = XCBuildConfiguration;
			buildSettings = {
				ASSETCATALOG_COMPILER_APPICON_NAME = AppIcon;
				ASSETCATALOG_COMPILER_GLOBAL_ACCENT_COLOR_NAME = AccentColor;
				CODE_SIGN_STYLE = Automatic;
				CURRENT_PROJECT_VERSION = 1;
				DEVELOPMENT_TEAM = QDV7MRC2HW;
				GENERATE_INFOPLIST_FILE = YES;
				INFOPLIST_FILE = neobis_ios_marketplace/Info.plist;
				INFOPLIST_KEY_UIApplicationSupportsIndirectInputEvents = YES;
				INFOPLIST_KEY_UILaunchStoryboardName = SplashViewController;
				INFOPLIST_KEY_UISupportedInterfaceOrientations_iPad = "UIInterfaceOrientationPortrait UIInterfaceOrientationPortraitUpsideDown UIInterfaceOrientationLandscapeLeft UIInterfaceOrientationLandscapeRight";
				INFOPLIST_KEY_UISupportedInterfaceOrientations_iPhone = "UIInterfaceOrientationPortrait UIInterfaceOrientationLandscapeLeft UIInterfaceOrientationLandscapeRight";
				LD_RUNPATH_SEARCH_PATHS = (
					"$(inherited)",
					"@executable_path/Frameworks",
				);
				MARKETING_VERSION = 1.0;
				PRODUCT_BUNDLE_IDENTIFIER = "aidarrsh.neobis-ios-marketplace";
				PRODUCT_NAME = "$(TARGET_NAME)";
				SWIFT_EMIT_LOC_STRINGS = YES;
				SWIFT_VERSION = 5.0;
				TARGETED_DEVICE_FAMILY = "1,2";
			};
			name = Release;
		};
/* End XCBuildConfiguration section */

/* Begin XCConfigurationList section */
		1C0EA8262A38AF1300E06092 /* Build configuration list for PBXProject "neobis_ios_marketplace" */ = {
			isa = XCConfigurationList;
			buildConfigurations = (
				1C0EA83D2A38AF1400E06092 /* Debug */,
				1C0EA83E2A38AF1400E06092 /* Release */,
			);
			defaultConfigurationIsVisible = 0;
			defaultConfigurationName = Release;
		};
		1C0EA83F2A38AF1400E06092 /* Build configuration list for PBXNativeTarget "neobis_ios_marketplace" */ = {
			isa = XCConfigurationList;
			buildConfigurations = (
				1C0EA8402A38AF1400E06092 /* Debug */,
				1C0EA8412A38AF1400E06092 /* Release */,
			);
			defaultConfigurationIsVisible = 0;
			defaultConfigurationName = Release;
		};
/* End XCConfigurationList section */

/* Begin XCRemoteSwiftPackageReference section */
		1C0EA8452A38AFB500E06092 /* XCRemoteSwiftPackageReference "Snapkit" */ = {
			isa = XCRemoteSwiftPackageReference;
			repositoryURL = "https://github.com/Snapkit/Snapkit.git";
			requirement = {
				kind = upToNextMajorVersion;
				minimumVersion = 5.0.0;
			};
		};
		1C315D502A45AB47000A41F7 /* XCRemoteSwiftPackageReference "Alamofire" */ = {
			isa = XCRemoteSwiftPackageReference;
			repositoryURL = "https://github.com/Alamofire/Alamofire";
			requirement = {
				kind = upToNextMajorVersion;
				minimumVersion = 5.0.0;
			};
		};
		1C315D662A4AD47B000A41F7 /* XCRemoteSwiftPackageReference "AlamofireImage" */ = {
			isa = XCRemoteSwiftPackageReference;
			repositoryURL = "https://github.com/Alamofire/AlamofireImage";
			requirement = {
				kind = upToNextMajorVersion;
				minimumVersion = 4.0.0;
			};
		};
/* End XCRemoteSwiftPackageReference section */

/* Begin XCSwiftPackageProductDependency section */
		1C0EA8462A38AFB500E06092 /* SnapKit */ = {
			isa = XCSwiftPackageProductDependency;
			package = 1C0EA8452A38AFB500E06092 /* XCRemoteSwiftPackageReference "Snapkit" */;
			productName = SnapKit;
		};
		1C315D512A45AB47000A41F7 /* Alamofire */ = {
			isa = XCSwiftPackageProductDependency;
			package = 1C315D502A45AB47000A41F7 /* XCRemoteSwiftPackageReference "Alamofire" */;
			productName = Alamofire;
		};
		1C315D672A4AD47B000A41F7 /* AlamofireImage */ = {
			isa = XCSwiftPackageProductDependency;
			package = 1C315D662A4AD47B000A41F7 /* XCRemoteSwiftPackageReference "AlamofireImage" */;
			productName = AlamofireImage;
		};
/* End XCSwiftPackageProductDependency section */
	};
	rootObject = 1C0EA8232A38AF1300E06092 /* Project object */;
}
